// !$*UTF8*$!
{
	archiveVersion = 1;
	classes = {
	};
	objectVersion = 56;
	objects = {

/* Begin PBXBuildFile section */
		7C38807A2C04A31200534231 /* ToDoListApp.swift in Sources */ = {isa = PBXBuildFile; fileRef = 7C3880792C04A31200534231 /* ToDoListApp.swift */; };
		7C38807C2C04A31200534231 /* MainView.swift in Sources */ = {isa = PBXBuildFile; fileRef = 7C38807B2C04A31200534231 /* MainView.swift */; };
		7C38807E2C04A31400534231 /* Assets.xcassets in Resources */ = {isa = PBXBuildFile; fileRef = 7C38807D2C04A31400534231 /* Assets.xcassets */; };
		7C3880812C04A31400534231 /* Preview Assets.xcassets in Resources */ = {isa = PBXBuildFile; fileRef = 7C3880802C04A31400534231 /* Preview Assets.xcassets */; };
		7C3880892C04A4DF00534231 /* FirebaseAuth in Frameworks */ = {isa = PBXBuildFile; productRef = 7C3880882C04A4DF00534231 /* FirebaseAuth */; };
		7C38808B2C04A4DF00534231 /* FirebaseFirestore in Frameworks */ = {isa = PBXBuildFile; productRef = 7C38808A2C04A4DF00534231 /* FirebaseFirestore */; };
		7C38808D2C04A4DF00534231 /* FirebaseFirestoreSwift in Frameworks */ = {isa = PBXBuildFile; productRef = 7C38808C2C04A4DF00534231 /* FirebaseFirestoreSwift */; };
		7C38808F2C04A4DF00534231 /* FirebaseStorage in Frameworks */ = {isa = PBXBuildFile; productRef = 7C38808E2C04A4DF00534231 /* FirebaseStorage */; };
		7C3880912C04AD0800534231 /* GoogleService-Info.plist in Resources */ = {isa = PBXBuildFile; fileRef = 7C3880902C04AD0800534231 /* GoogleService-Info.plist */; };
		7C3880992C04B0D200534231 /* ProfileView.swift in Sources */ = {isa = PBXBuildFile; fileRef = 7C3880982C04B0D200534231 /* ProfileView.swift */; };
		7C38809B2C04B10B00534231 /* ToDoListView.swift in Sources */ = {isa = PBXBuildFile; fileRef = 7C38809A2C04B10B00534231 /* ToDoListView.swift */; };
		7C38809D2C04B14F00534231 /* NewItemView.swift in Sources */ = {isa = PBXBuildFile; fileRef = 7C38809C2C04B14F00534231 /* NewItemView.swift */; };
		7C38809F2C04B17600534231 /* LoginView.swift in Sources */ = {isa = PBXBuildFile; fileRef = 7C38809E2C04B17600534231 /* LoginView.swift */; };
		7C3880A12C04B18000534231 /* RegisterView.swift in Sources */ = {isa = PBXBuildFile; fileRef = 7C3880A02C04B18000534231 /* RegisterView.swift */; };
		7C3880A32C04B20100534231 /* ToDoListItemView.swift in Sources */ = {isa = PBXBuildFile; fileRef = 7C3880A22C04B20100534231 /* ToDoListItemView.swift */; };
		7C3880A52C04B26100534231 /* User.swift in Sources */ = {isa = PBXBuildFile; fileRef = 7C3880A42C04B26100534231 /* User.swift */; };
		7C3880A72C04B28100534231 /* ToDoListItem.swift in Sources */ = {isa = PBXBuildFile; fileRef = 7C3880A62C04B28100534231 /* ToDoListItem.swift */; };
		7C3880A92C04B2F000534231 /* MainViewViewModel.swift in Sources */ = {isa = PBXBuildFile; fileRef = 7C3880A82C04B2F000534231 /* MainViewViewModel.swift */; };
		7C3880AB2C04B30100534231 /* ProfileViewViewModel.swift in Sources */ = {isa = PBXBuildFile; fileRef = 7C3880AA2C04B30100534231 /* ProfileViewViewModel.swift */; };
		7C3880AD2C04B32A00534231 /* ToDoListViewViewModel.swift in Sources */ = {isa = PBXBuildFile; fileRef = 7C3880AC2C04B32A00534231 /* ToDoListViewViewModel.swift */; };
		7C3880AF2C04B35100534231 /* NewItemViewViewModel.swift in Sources */ = {isa = PBXBuildFile; fileRef = 7C3880AE2C04B35100534231 /* NewItemViewViewModel.swift */; };
		7C3880B12C04B36100534231 /* LoginViewViewModel.swift in Sources */ = {isa = PBXBuildFile; fileRef = 7C3880B02C04B36100534231 /* LoginViewViewModel.swift */; };
		7C3880B32C04B36C00534231 /* RegisterViewViewModel.swift in Sources */ = {isa = PBXBuildFile; fileRef = 7C3880B22C04B36C00534231 /* RegisterViewViewModel.swift */; };
		7C3880B52C04B3CF00534231 /* ToDoListItemViewViewModel.swift in Sources */ = {isa = PBXBuildFile; fileRef = 7C3880B42C04B3CF00534231 /* ToDoListItemViewViewModel.swift */; };
		7C3880B72C04B8E000534231 /* HeaderView.swift in Sources */ = {isa = PBXBuildFile; fileRef = 7C3880B62C04B8E000534231 /* HeaderView.swift */; };
/* End PBXBuildFile section */

/* Begin PBXFileReference section */
		7C3880762C04A31200534231 /* ToDoList.app */ = {isa = PBXFileReference; explicitFileType = wrapper.application; includeInIndex = 0; path = ToDoList.app; sourceTree = BUILT_PRODUCTS_DIR; };
		7C3880792C04A31200534231 /* ToDoListApp.swift */ = {isa = PBXFileReference; lastKnownFileType = sourcecode.swift; path = ToDoListApp.swift; sourceTree = "<group>"; };
		7C38807B2C04A31200534231 /* MainView.swift */ = {isa = PBXFileReference; lastKnownFileType = sourcecode.swift; path = MainView.swift; sourceTree = "<group>"; };
		7C38807D2C04A31400534231 /* Assets.xcassets */ = {isa = PBXFileReference; lastKnownFileType = folder.assetcatalog; path = Assets.xcassets; sourceTree = "<group>"; };
		7C3880802C04A31400534231 /* Preview Assets.xcassets */ = {isa = PBXFileReference; lastKnownFileType = folder.assetcatalog; path = "Preview Assets.xcassets"; sourceTree = "<group>"; };
		7C3880902C04AD0800534231 /* GoogleService-Info.plist */ = {isa = PBXFileReference; fileEncoding = 4; lastKnownFileType = text.plist.xml; path = "GoogleService-Info.plist"; sourceTree = "<group>"; };
		7C3880982C04B0D200534231 /* ProfileView.swift */ = {isa = PBXFileReference; lastKnownFileType = sourcecode.swift; path = ProfileView.swift; sourceTree = "<group>"; };
		7C38809A2C04B10B00534231 /* ToDoListView.swift */ = {isa = PBXFileReference; lastKnownFileType = sourcecode.swift; path = ToDoListView.swift; sourceTree = "<group>"; };
		7C38809C2C04B14F00534231 /* NewItemView.swift */ = {isa = PBXFileReference; lastKnownFileType = sourcecode.swift; path = NewItemView.swift; sourceTree = "<group>"; };
		7C38809E2C04B17600534231 /* LoginView.swift */ = {isa = PBXFileReference; lastKnownFileType = sourcecode.swift; path = LoginView.swift; sourceTree = "<group>"; };
		7C3880A02C04B18000534231 /* RegisterView.swift */ = {isa = PBXFileReference; lastKnownFileType = sourcecode.swift; path = RegisterView.swift; sourceTree = "<group>"; };
		7C3880A22C04B20100534231 /* ToDoListItemView.swift */ = {isa = PBXFileReference; lastKnownFileType = sourcecode.swift; path = ToDoListItemView.swift; sourceTree = "<group>"; };
		7C3880A42C04B26100534231 /* User.swift */ = {isa = PBXFileReference; lastKnownFileType = sourcecode.swift; path = User.swift; sourceTree = "<group>"; };
		7C3880A62C04B28100534231 /* ToDoListItem.swift */ = {isa = PBXFileReference; lastKnownFileType = sourcecode.swift; path = ToDoListItem.swift; sourceTree = "<group>"; };
		7C3880A82C04B2F000534231 /* MainViewViewModel.swift */ = {isa = PBXFileReference; lastKnownFileType = sourcecode.swift; path = MainViewViewModel.swift; sourceTree = "<group>"; };
		7C3880AA2C04B30100534231 /* ProfileViewViewModel.swift */ = {isa = PBXFileReference; lastKnownFileType = sourcecode.swift; path = ProfileViewViewModel.swift; sourceTree = "<group>"; };
		7C3880AC2C04B32A00534231 /* ToDoListViewViewModel.swift */ = {isa = PBXFileReference; lastKnownFileType = sourcecode.swift; path = ToDoListViewViewModel.swift; sourceTree = "<group>"; };
		7C3880AE2C04B35100534231 /* NewItemViewViewModel.swift */ = {isa = PBXFileReference; lastKnownFileType = sourcecode.swift; path = NewItemViewViewModel.swift; sourceTree = "<group>"; };
		7C3880B02C04B36100534231 /* LoginViewViewModel.swift */ = {isa = PBXFileReference; lastKnownFileType = sourcecode.swift; path = LoginViewViewModel.swift; sourceTree = "<group>"; };
		7C3880B22C04B36C00534231 /* RegisterViewViewModel.swift */ = {isa = PBXFileReference; lastKnownFileType = sourcecode.swift; path = RegisterViewViewModel.swift; sourceTree = "<group>"; };
		7C3880B42C04B3CF00534231 /* ToDoListItemViewViewModel.swift */ = {isa = PBXFileReference; lastKnownFileType = sourcecode.swift; path = ToDoListItemViewViewModel.swift; sourceTree = "<group>"; };
		7C3880B62C04B8E000534231 /* HeaderView.swift */ = {isa = PBXFileReference; lastKnownFileType = sourcecode.swift; path = HeaderView.swift; sourceTree = "<group>"; };
/* End PBXFileReference section */

/* Begin PBXFrameworksBuildPhase section */
		7C3880732C04A31200534231 /* Frameworks */ = {
			isa = PBXFrameworksBuildPhase;
			buildActionMask = 2147483647;
			files = (
				7C3880892C04A4DF00534231 /* FirebaseAuth in Frameworks */,
				7C38808F2C04A4DF00534231 /* FirebaseStorage in Frameworks */,
				7C38808B2C04A4DF00534231 /* FirebaseFirestore in Frameworks */,
				7C38808D2C04A4DF00534231 /* FirebaseFirestoreSwift in Frameworks */,
			);
			runOnlyForDeploymentPostprocessing = 0;
		};
/* End PBXFrameworksBuildPhase section */

/* Begin PBXGroup section */
		7C38806D2C04A31200534231 = {
			isa = PBXGroup;
			children = (
				7C3880782C04A31200534231 /* ToDoList */,
				7C3880772C04A31200534231 /* Products */,
			);
			sourceTree = "<group>";
		};
		7C3880772C04A31200534231 /* Products */ = {
			isa = PBXGroup;
			children = (
				7C3880762C04A31200534231 /* ToDoList.app */,
			);
			name = Products;
			sourceTree = "<group>";
		};
		7C3880782C04A31200534231 /* ToDoList */ = {
			isa = PBXGroup;
			children = (
				7C3880972C04AF2300534231 /* Other */,
				7C3880952C04AEF800534231 /* ViewModels */,
				7C3880922C04AEB400534231 /* Views */,
				7C3880962C04AF1100534231 /* Models */,
				7C38807F2C04A31400534231 /* Preview Content */,
			);
			path = ToDoList;
			sourceTree = "<group>";
		};
		7C38807F2C04A31400534231 /* Preview Content */ = {
			isa = PBXGroup;
			children = (
				7C3880802C04A31400534231 /* Preview Assets.xcassets */,
			);
			path = "Preview Content";
			sourceTree = "<group>";
		};
		7C3880922C04AEB400534231 /* Views */ = {
			isa = PBXGroup;
			children = (
				7C38807B2C04A31200534231 /* MainView.swift */,
				7C3880982C04B0D200534231 /* ProfileView.swift */,
				7C38809A2C04B10B00534231 /* ToDoListView.swift */,
				7C38809C2C04B14F00534231 /* NewItemView.swift */,
				7C38809E2C04B17600534231 /* LoginView.swift */,
				7C3880A02C04B18000534231 /* RegisterView.swift */,
				7C3880A22C04B20100534231 /* ToDoListItemView.swift */,
				7C3880B62C04B8E000534231 /* HeaderView.swift */,
			);
			path = Views;
			sourceTree = "<group>";
		};
		7C3880952C04AEF800534231 /* ViewModels */ = {
			isa = PBXGroup;
			children = (
				7C3880A82C04B2F000534231 /* MainViewViewModel.swift */,
				7C3880AA2C04B30100534231 /* ProfileViewViewModel.swift */,
				7C3880AC2C04B32A00534231 /* ToDoListViewViewModel.swift */,
				7C3880AE2C04B35100534231 /* NewItemViewViewModel.swift */,
				7C3880B02C04B36100534231 /* LoginViewViewModel.swift */,
				7C3880B22C04B36C00534231 /* RegisterViewViewModel.swift */,
				7C3880B42C04B3CF00534231 /* ToDoListItemViewViewModel.swift */,
			);
			path = ViewModels;
			sourceTree = "<group>";
		};
		7C3880962C04AF1100534231 /* Models */ = {
			isa = PBXGroup;
			children = (
				7C3880A42C04B26100534231 /* User.swift */,
				7C3880A62C04B28100534231 /* ToDoListItem.swift */,
			);
			path = Models;
			sourceTree = "<group>";
		};
		7C3880972C04AF2300534231 /* Other */ = {
			isa = PBXGroup;
			children = (
				7C3880902C04AD0800534231 /* GoogleService-Info.plist */,
				7C3880792C04A31200534231 /* ToDoListApp.swift */,
				7C38807D2C04A31400534231 /* Assets.xcassets */,
			);
			path = Other;
			sourceTree = "<group>";
		};
/* End PBXGroup section */

/* Begin PBXNativeTarget section */
		7C3880752C04A31200534231 /* ToDoList */ = {
			isa = PBXNativeTarget;
			buildConfigurationList = 7C3880842C04A31400534231 /* Build configuration list for PBXNativeTarget "ToDoList" */;
			buildPhases = (
				7C3880722C04A31200534231 /* Sources */,
				7C3880732C04A31200534231 /* Frameworks */,
				7C3880742C04A31200534231 /* Resources */,
			);
			buildRules = (
			);
			dependencies = (
			);
			name = ToDoList;
			packageProductDependencies = (
				7C3880882C04A4DF00534231 /* FirebaseAuth */,
				7C38808A2C04A4DF00534231 /* FirebaseFirestore */,
				7C38808C2C04A4DF00534231 /* FirebaseFirestoreSwift */,
				7C38808E2C04A4DF00534231 /* FirebaseStorage */,
			);
			productName = ToDoList;
			productReference = 7C3880762C04A31200534231 /* ToDoList.app */;
			productType = "com.apple.product-type.application";
		};
/* End PBXNativeTarget section */

/* Begin PBXProject section */
		7C38806E2C04A31200534231 /* Project object */ = {
			isa = PBXProject;
			attributes = {
				BuildIndependentTargetsInParallel = 1;
				LastSwiftUpdateCheck = 1540;
				LastUpgradeCheck = 1540;
				TargetAttributes = {
					7C3880752C04A31200534231 = {
						CreatedOnToolsVersion = 15.4;
					};
				};
			};
			buildConfigurationList = 7C3880712C04A31200534231 /* Build configuration list for PBXProject "ToDoList" */;
			compatibilityVersion = "Xcode 14.0";
			developmentRegion = en;
			hasScannedForEncodings = 0;
			knownRegions = (
				en,
				Base,
			);
			mainGroup = 7C38806D2C04A31200534231;
			packageReferences = (
				7C3880872C04A4DF00534231 /* XCRemoteSwiftPackageReference "firebase-ios-sdk" */,
			);
			productRefGroup = 7C3880772C04A31200534231 /* Products */;
			projectDirPath = "";
			projectRoot = "";
			targets = (
				7C3880752C04A31200534231 /* ToDoList */,
			);
		};
/* End PBXProject section */

/* Begin PBXResourcesBuildPhase section */
		7C3880742C04A31200534231 /* Resources */ = {
			isa = PBXResourcesBuildPhase;
			buildActionMask = 2147483647;
			files = (
				7C3880812C04A31400534231 /* Preview Assets.xcassets in Resources */,
				7C38807E2C04A31400534231 /* Assets.xcassets in Resources */,
				7C3880912C04AD0800534231 /* GoogleService-Info.plist in Resources */,
			);
			runOnlyForDeploymentPostprocessing = 0;
		};
/* End PBXResourcesBuildPhase section */

/* Begin PBXSourcesBuildPhase section */
		7C3880722C04A31200534231 /* Sources */ = {
			isa = PBXSourcesBuildPhase;
			buildActionMask = 2147483647;
			files = (
				7C38809F2C04B17600534231 /* LoginView.swift in Sources */,
				7C3880B72C04B8E000534231 /* HeaderView.swift in Sources */,
				7C38807C2C04A31200534231 /* MainView.swift in Sources */,
				7C3880B32C04B36C00534231 /* RegisterViewViewModel.swift in Sources */,
				7C3880A92C04B2F000534231 /* MainViewViewModel.swift in Sources */,
				7C38809B2C04B10B00534231 /* ToDoListView.swift in Sources */,
				7C3880A12C04B18000534231 /* RegisterView.swift in Sources */,
				7C3880AB2C04B30100534231 /* ProfileViewViewModel.swift in Sources */,
				7C3880992C04B0D200534231 /* ProfileView.swift in Sources */,
				7C3880A52C04B26100534231 /* User.swift in Sources */,
				7C3880A32C04B20100534231 /* ToDoListItemView.swift in Sources */,
				7C3880AD2C04B32A00534231 /* ToDoListViewViewModel.swift in Sources */,
				7C3880B12C04B36100534231 /* LoginViewViewModel.swift in Sources */,
				7C38807A2C04A31200534231 /* ToDoListApp.swift in Sources */,
				7C3880A72C04B28100534231 /* ToDoListItem.swift in Sources */,
				7C38809D2C04B14F00534231 /* NewItemView.swift in Sources */,
				7C3880AF2C04B35100534231 /* NewItemViewViewModel.swift in Sources */,
				7C3880B52C04B3CF00534231 /* ToDoListItemViewViewModel.swift in Sources */,
			);
			runOnlyForDeploymentPostprocessing = 0;
		};
/* End PBXSourcesBuildPhase section */

/* Begin XCBuildConfiguration section */
		7C3880822C04A31400534231 /* Debug */ = {
			isa = XCBuildConfiguration;
			buildSettings = {
				ALWAYS_SEARCH_USER_PATHS = NO;
				ASSETCATALOG_COMPILER_GENERATE_SWIFT_ASSET_SYMBOL_EXTENSIONS = YES;
				CLANG_ANALYZER_NONNULL = YES;
				CLANG_ANALYZER_NUMBER_OBJECT_CONVERSION = YES_AGGRESSIVE;
				CLANG_CXX_LANGUAGE_STANDARD = "gnu++20";
				CLANG_ENABLE_MODULES = YES;
				CLANG_ENABLE_OBJC_ARC = YES;
				CLANG_ENABLE_OBJC_WEAK = YES;
				CLANG_WARN_BLOCK_CAPTURE_AUTORELEASING = YES;
				CLANG_WARN_BOOL_CONVERSION = YES;
				CLANG_WARN_COMMA = YES;
				CLANG_WARN_CONSTANT_CONVERSION = YES;
				CLANG_WARN_DEPRECATED_OBJC_IMPLEMENTATIONS = YES;
				CLANG_WARN_DIRECT_OBJC_ISA_USAGE = YES_ERROR;
				CLANG_WARN_DOCUMENTATION_COMMENTS = YES;
				CLANG_WARN_EMPTY_BODY = YES;
				CLANG_WARN_ENUM_CONVERSION = YES;
				CLANG_WARN_INFINITE_RECURSION = YES;
				CLANG_WARN_INT_CONVERSION = YES;
				CLANG_WARN_NON_LITERAL_NULL_CONVERSION = YES;
				CLANG_WARN_OBJC_IMPLICIT_RETAIN_SELF = YES;
				CLANG_WARN_OBJC_LITERAL_CONVERSION = YES;
				CLANG_WARN_OBJC_ROOT_CLASS = YES_ERROR;
				CLANG_WARN_QUOTED_INCLUDE_IN_FRAMEWORK_HEADER = YES;
				CLANG_WARN_RANGE_LOOP_ANALYSIS = YES;
				CLANG_WARN_STRICT_PROTOTYPES = YES;
				CLANG_WARN_SUSPICIOUS_MOVE = YES;
				CLANG_WARN_UNGUARDED_AVAILABILITY = YES_AGGRESSIVE;
				CLANG_WARN_UNREACHABLE_CODE = YES;
				CLANG_WARN__DUPLICATE_METHOD_MATCH = YES;
				COPY_PHASE_STRIP = NO;
				DEBUG_INFORMATION_FORMAT = dwarf;
				ENABLE_STRICT_OBJC_MSGSEND = YES;
				ENABLE_TESTABILITY = YES;
				ENABLE_USER_SCRIPT_SANDBOXING = YES;
				GCC_C_LANGUAGE_STANDARD = gnu17;
				GCC_DYNAMIC_NO_PIC = NO;
				GCC_NO_COMMON_BLOCKS = YES;
				GCC_OPTIMIZATION_LEVEL = 0;
				GCC_PREPROCESSOR_DEFINITIONS = (
					"DEBUG=1",
					"$(inherited)",
				);
				GCC_WARN_64_TO_32_BIT_CONVERSION = YES;
				GCC_WARN_ABOUT_RETURN_TYPE = YES_ERROR;
				GCC_WARN_UNDECLARED_SELECTOR = YES;
				GCC_WARN_UNINITIALIZED_AUTOS = YES_AGGRESSIVE;
				GCC_WARN_UNUSED_FUNCTION = YES;
				GCC_WARN_UNUSED_VARIABLE = YES;
				IPHONEOS_DEPLOYMENT_TARGET = 17.5;
				LOCALIZATION_PREFERS_STRING_CATALOGS = YES;
				MTL_ENABLE_DEBUG_INFO = INCLUDE_SOURCE;
				MTL_FAST_MATH = YES;
				ONLY_ACTIVE_ARCH = YES;
				SDKROOT = iphoneos;
				SWIFT_ACTIVE_COMPILATION_CONDITIONS = "DEBUG $(inherited)";
				SWIFT_OPTIMIZATION_LEVEL = "-Onone";
			};
			name = Debug;
		};
		7C3880832C04A31400534231 /* Release */ = {
			isa = XCBuildConfiguration;
			buildSettings = {
				ALWAYS_SEARCH_USER_PATHS = NO;
				ASSETCATALOG_COMPILER_GENERATE_SWIFT_ASSET_SYMBOL_EXTENSIONS = YES;
				CLANG_ANALYZER_NONNULL = YES;
				CLANG_ANALYZER_NUMBER_OBJECT_CONVERSION = YES_AGGRESSIVE;
				CLANG_CXX_LANGUAGE_STANDARD = "gnu++20";
				CLANG_ENABLE_MODULES = YES;
				CLANG_ENABLE_OBJC_ARC = YES;
				CLANG_ENABLE_OBJC_WEAK = YES;
				CLANG_WARN_BLOCK_CAPTURE_AUTORELEASING = YES;
				CLANG_WARN_BOOL_CONVERSION = YES;
				CLANG_WARN_COMMA = YES;
				CLANG_WARN_CONSTANT_CONVERSION = YES;
				CLANG_WARN_DEPRECATED_OBJC_IMPLEMENTATIONS = YES;
				CLANG_WARN_DIRECT_OBJC_ISA_USAGE = YES_ERROR;
				CLANG_WARN_DOCUMENTATION_COMMENTS = YES;
				CLANG_WARN_EMPTY_BODY = YES;
				CLANG_WARN_ENUM_CONVERSION = YES;
				CLANG_WARN_INFINITE_RECURSION = YES;
				CLANG_WARN_INT_CONVERSION = YES;
				CLANG_WARN_NON_LITERAL_NULL_CONVERSION = YES;
				CLANG_WARN_OBJC_IMPLICIT_RETAIN_SELF = YES;
				CLANG_WARN_OBJC_LITERAL_CONVERSION = YES;
				CLANG_WARN_OBJC_ROOT_CLASS = YES_ERROR;
				CLANG_WARN_QUOTED_INCLUDE_IN_FRAMEWORK_HEADER = YES;
				CLANG_WARN_RANGE_LOOP_ANALYSIS = YES;
				CLANG_WARN_STRICT_PROTOTYPES = YES;
				CLANG_WARN_SUSPICIOUS_MOVE = YES;
				CLANG_WARN_UNGUARDED_AVAILABILITY = YES_AGGRESSIVE;
				CLANG_WARN_UNREACHABLE_CODE = YES;
				CLANG_WARN__DUPLICATE_METHOD_MATCH = YES;
				COPY_PHASE_STRIP = NO;
				DEBUG_INFORMATION_FORMAT = "dwarf-with-dsym";
				ENABLE_NS_ASSERTIONS = NO;
				ENABLE_STRICT_OBJC_MSGSEND = YES;
				ENABLE_USER_SCRIPT_SANDBOXING = YES;
				GCC_C_LANGUAGE_STANDARD = gnu17;
				GCC_NO_COMMON_BLOCKS = YES;
				GCC_WARN_64_TO_32_BIT_CONVERSION = YES;
				GCC_WARN_ABOUT_RETURN_TYPE = YES_ERROR;
				GCC_WARN_UNDECLARED_SELECTOR = YES;
				GCC_WARN_UNINITIALIZED_AUTOS = YES_AGGRESSIVE;
				GCC_WARN_UNUSED_FUNCTION = YES;
				GCC_WARN_UNUSED_VARIABLE = YES;
				IPHONEOS_DEPLOYMENT_TARGET = 17.5;
				LOCALIZATION_PREFERS_STRING_CATALOGS = YES;
				MTL_ENABLE_DEBUG_INFO = NO;
				MTL_FAST_MATH = YES;
				SDKROOT = iphoneos;
				SWIFT_COMPILATION_MODE = wholemodule;
				VALIDATE_PRODUCT = YES;
			};
			name = Release;
		};
		7C3880852C04A31400534231 /* Debug */ = {
			isa = XCBuildConfiguration;
			buildSettings = {
				ASSETCATALOG_COMPILER_APPICON_NAME = AppIcon;
				ASSETCATALOG_COMPILER_GLOBAL_ACCENT_COLOR_NAME = AccentColor;
				CODE_SIGN_STYLE = Automatic;
				CURRENT_PROJECT_VERSION = 1;
				DEVELOPMENT_ASSET_PATHS = "\"ToDoList/Preview Content\"";
				DEVELOPMENT_TEAM = 4NP9JNCAYP;
				ENABLE_PREVIEWS = YES;
				GENERATE_INFOPLIST_FILE = YES;
				INFOPLIST_KEY_CFBundleDisplayName = "To Do List";
				INFOPLIST_KEY_UIApplicationSceneManifest_Generation = YES;
				INFOPLIST_KEY_UIApplicationSupportsIndirectInputEvents = YES;
				INFOPLIST_KEY_UILaunchScreen_Generation = YES;
				INFOPLIST_KEY_UISupportedInterfaceOrientations = UIInterfaceOrientationPortrait;
				LD_RUNPATH_SEARCH_PATHS = (
					"$(inherited)",
					"@executable_path/Frameworks",
				);
				MARKETING_VERSION = 1.0;
				PRODUCT_BUNDLE_IDENTIFIER = com.deepakpatel.ToDoList;
				PRODUCT_NAME = "$(TARGET_NAME)";
				SWIFT_EMIT_LOC_STRINGS = YES;
				SWIFT_VERSION = 5.0;
				TARGETED_DEVICE_FAMILY = "1,2";
			};
			name = Debug;
		};
		7C3880862C04A31400534231 /* Release */ = {
			isa = XCBuildConfiguration;
			buildSettings = {
				ASSETCATALOG_COMPILER_APPICON_NAME = AppIcon;
				ASSETCATALOG_COMPILER_GLOBAL_ACCENT_COLOR_NAME = AccentColor;
				CODE_SIGN_STYLE = Automatic;
				CURRENT_PROJECT_VERSION = 1;
				DEVELOPMENT_ASSET_PATHS = "\"ToDoList/Preview Content\"";
				DEVELOPMENT_TEAM = 4NP9JNCAYP;
				ENABLE_PREVIEWS = YES;
				GENERATE_INFOPLIST_FILE = YES;
				INFOPLIST_KEY_CFBundleDisplayName = "To Do List";
				INFOPLIST_KEY_UIApplicationSceneManifest_Generation = YES;
				INFOPLIST_KEY_UIApplicationSupportsIndirectInputEvents = YES;
				INFOPLIST_KEY_UILaunchScreen_Generation = YES;
				INFOPLIST_KEY_UISupportedInterfaceOrientations = UIInterfaceOrientationPortrait;
				LD_RUNPATH_SEARCH_PATHS = (
					"$(inherited)",
					"@executable_path/Frameworks",
				);
				MARKETING_VERSION = 1.0;
				PRODUCT_BUNDLE_IDENTIFIER = com.deepakpatel.ToDoList;
				PRODUCT_NAME = "$(TARGET_NAME)";
				SWIFT_EMIT_LOC_STRINGS = YES;
				SWIFT_VERSION = 5.0;
				TARGETED_DEVICE_FAMILY = "1,2";
			};
			name = Release;
		};
/* End XCBuildConfiguration section */

/* Begin XCConfigurationList section */
		7C3880712C04A31200534231 /* Build configuration list for PBXProject "ToDoList" */ = {
			isa = XCConfigurationList;
			buildConfigurations = (
				7C3880822C04A31400534231 /* Debug */,
				7C3880832C04A31400534231 /* Release */,
			);
			defaultConfigurationIsVisible = 0;
			defaultConfigurationName = Release;
		};
		7C3880842C04A31400534231 /* Build configuration list for PBXNativeTarget "ToDoList" */ = {
			isa = XCConfigurationList;
			buildConfigurations = (
				7C3880852C04A31400534231 /* Debug */,
				7C3880862C04A31400534231 /* Release */,
			);
			defaultConfigurationIsVisible = 0;
			defaultConfigurationName = Release;
		};
/* End XCConfigurationList section */

/* Begin XCRemoteSwiftPackageReference section */
		7C3880872C04A4DF00534231 /* XCRemoteSwiftPackageReference "firebase-ios-sdk" */ = {
			isa = XCRemoteSwiftPackageReference;
			repositoryURL = "https://github.com/firebase/firebase-ios-sdk";
			requirement = {
				kind = upToNextMajorVersion;
				minimumVersion = 10.26.0;
			};
		};
/* End XCRemoteSwiftPackageReference section */

/* Begin XCSwiftPackageProductDependency section */
		7C3880882C04A4DF00534231 /* FirebaseAuth */ = {
			isa = XCSwiftPackageProductDependency;
			package = 7C3880872C04A4DF00534231 /* XCRemoteSwiftPackageReference "firebase-ios-sdk" */;
			productName = FirebaseAuth;
		};
		7C38808A2C04A4DF00534231 /* FirebaseFirestore */ = {
			isa = XCSwiftPackageProductDependency;
			package = 7C3880872C04A4DF00534231 /* XCRemoteSwiftPackageReference "firebase-ios-sdk" */;
			productName = FirebaseFirestore;
		};
		7C38808C2C04A4DF00534231 /* FirebaseFirestoreSwift */ = {
			isa = XCSwiftPackageProductDependency;
			package = 7C3880872C04A4DF00534231 /* XCRemoteSwiftPackageReference "firebase-ios-sdk" */;
			productName = FirebaseFirestoreSwift;
		};
		7C38808E2C04A4DF00534231 /* FirebaseStorage */ = {
			isa = XCSwiftPackageProductDependency;
			package = 7C3880872C04A4DF00534231 /* XCRemoteSwiftPackageReference "firebase-ios-sdk" */;
			productName = FirebaseStorage;
		};
/* End XCSwiftPackageProductDependency section */
	};
	rootObject = 7C38806E2C04A31200534231 /* Project object */;
}
